// !$*UTF8*$!
{
	archiveVersion = 1;
	classes = {
	};
	objectVersion = 46;
	objects = {

/* Begin PBXBuildFile section */
		A272D9301E60B7E700A1F6D3 /* AppDelegate.swift in Sources */ = {isa = PBXBuildFile; fileRef = A272D92F1E60B7E700A1F6D3 /* AppDelegate.swift */; };
		A272D9321E60B7E700A1F6D3 /* ViewController.swift in Sources */ = {isa = PBXBuildFile; fileRef = A272D9311E60B7E700A1F6D3 /* ViewController.swift */; };
		A272D9351E60B7E700A1F6D3 /* Main.storyboard in Resources */ = {isa = PBXBuildFile; fileRef = A272D9331E60B7E700A1F6D3 /* Main.storyboard */; };
		A272D9371E60B7E700A1F6D3 /* Assets.xcassets in Resources */ = {isa = PBXBuildFile; fileRef = A272D9361E60B7E700A1F6D3 /* Assets.xcassets */; };
		A272D93A1E60B7E700A1F6D3 /* LaunchScreen.storyboard in Resources */ = {isa = PBXBuildFile; fileRef = A272D9381E60B7E700A1F6D3 /* LaunchScreen.storyboard */; };
/* End PBXBuildFile section */

/* Begin PBXFileReference section */
		A272D92C1E60B7E700A1F6D3 /* Variables.app */ = {isa = PBXFileReference; explicitFileType = wrapper.application; includeInIndex = 0; path = Variables.app; sourceTree = BUILT_PRODUCTS_DIR; };
		A272D92F1E60B7E700A1F6D3 /* AppDelegate.swift */ = {isa = PBXFileReference; lastKnownFileType = sourcecode.swift; path = AppDelegate.swift; sourceTree = "<group>"; };
		A272D9311E60B7E700A1F6D3 /* ViewController.swift */ = {isa = PBXFileReference; lastKnownFileType = sourcecode.swift; path = ViewController.swift; sourceTree = "<group>"; };
		A272D9341E60B7E700A1F6D3 /* Base */ = {isa = PBXFileReference; lastKnownFileType = file.storyboard; name = Base; path = Base.lproj/Main.storyboard; sourceTree = "<group>"; };
		A272D9361E60B7E700A1F6D3 /* Assets.xcassets */ = {isa = PBXFileReference; lastKnownFileType = folder.assetcatalog; path = Assets.xcassets; sourceTree = "<group>"; };
		A272D9391E60B7E700A1F6D3 /* Base */ = {isa = PBXFileReference; lastKnownFileType = file.storyboard; name = Base; path = Base.lproj/LaunchScreen.storyboard; sourceTree = "<group>"; };
		A272D93B1E60B7E700A1F6D3 /* Info.plist */ = {isa = PBXFileReference; lastKnownFileType = text.plist.xml; path = Info.plist; sourceTree = "<group>"; };
/* End PBXFileReference section */

/* Begin PBXFrameworksBuildPhase section */
		A272D9291E60B7E700A1F6D3 /* Frameworks */ = {
			isa = PBXFrameworksBuildPhase;
			buildActionMask = 2147483647;
			files = (
			);
			runOnlyForDeploymentPostprocessing = 0;
		};
/* End PBXFrameworksBuildPhase section */

/* Begin PBXGroup section */
		A272D9231E60B7E700A1F6D3 = {
			isa = PBXGroup;
			children = (
				A272D92E1E60B7E700A1F6D3 /* Variables */,
				A272D92D1E60B7E700A1F6D3 /* Products */,
			);
			sourceTree = "<group>";
		};
		A272D92D1E60B7E700A1F6D3 /* Products */ = {
			isa = PBXGroup;
			children = (
				A272D92C1E60B7E700A1F6D3 /* Variables.app */,
			);
			name = Products;
			sourceTree = "<group>";
		};
		A272D92E1E60B7E700A1F6D3 /* Variables */ = {
			isa = PBXGroup;
			children = (
				A272D92F1E60B7E700A1F6D3 /* AppDelegate.swift */,
				A272D9311E60B7E700A1F6D3 /* ViewController.swift */,
				A272D9331E60B7E700A1F6D3 /* Main.storyboard */,
				A272D9361E60B7E700A1F6D3 /* Assets.xcassets */,
				A272D9381E60B7E700A1F6D3 /* LaunchScreen.storyboard */,
				A272D93B1E60B7E700A1F6D3 /* Info.plist */,
			);
			path = Variables;
			sourceTree = "<group>";
		};
/* End PBXGroup section */

/* Begin PBXNativeTarget section */
		A272D92B1E60B7E700A1F6D3 /* Variables */ = {
			isa = PBXNativeTarget;
			buildConfigurationList = A272D93E1E60B7E700A1F6D3 /* Build configuration list for PBXNativeTarget "Variables" */;
			buildPhases = (
				A272D9281E60B7E700A1F6D3 /* Sources */,
				A272D9291E60B7E700A1F6D3 /* Frameworks */,
				A272D92A1E60B7E700A1F6D3 /* Resources */,
			);
			buildRules = (
			);
			dependencies = (
			);
			name = Variables;
			productName = Variables;
			productReference = A272D92C1E60B7E700A1F6D3 /* Variables.app */;
			productType = "com.apple.product-type.application";
		};
/* End PBXNativeTarget section */

/* Begin PBXProject section */
		A272D9241E60B7E700A1F6D3 /* Project object */ = {
			isa = PBXProject;
			attributes = {
				LastSwiftUpdateCheck = 0830;
				LastUpgradeCheck = 0830;
				ORGANIZATIONNAME = sira;
				TargetAttributes = {
					A272D92B1E60B7E700A1F6D3 = {
						CreatedOnToolsVersion = 8.3;
						ProvisioningStyle = Automatic;
					};
				};
			};
			buildConfigurationList = A272D9271E60B7E700A1F6D3 /* Build configuration list for PBXProject "Variables" */;
			compatibilityVersion = "Xcode 3.2";
			developmentRegion = English;
			hasScannedForEncodings = 0;
			knownRegions = (
				en,
				Base,
			);
			mainGroup = A272D9231E60B7E700A1F6D3;
			productRefGroup = A272D92D1E60B7E700A1F6D3 /* Products */;
			projectDirPath = "";
			projectRoot = "";
			targets = (
				A272D92B1E60B7E700A1F6D3 /* Variables */,
			);
		};
/* End PBXProject section */

/* Begin PBXResourcesBuildPhase section */
		A272D92A1E60B7E700A1F6D3 /* Resources */ = {
			isa = PBXResourcesBuildPhase;
			buildActionMask = 2147483647;
			files = (
				A272D93A1E60B7E700A1F6D3 /* LaunchScreen.storyboard in Resources */,
				A272D9371E60B7E700A1F6D3 /* Assets.xcassets in Resources */,
				A272D9351E60B7E700A1F6D3 /* Main.storyboard in Resources */,
			);
			runOnlyForDeploymentPostprocessing = 0;
		};
/* End PBXResourcesBuildPhase section */

/* Begin PBXSourcesBuildPhase section */
		A272D9281E60B7E700A1F6D3 /* Sources */ = {
			isa = PBXSourcesBuildPhase;
			buildActionMask = 2147483647;
			files = (
				A272D9321E60B7E700A1F6D3 /* ViewController.swift in Sources */,
				A272D9301E60B7E700A1F6D3 /* AppDelegate.swift in Sources */,
			);
			runOnlyForDeploymentPostprocessing = 0;
		};
/* End PBXSourcesBuildPhase section */

/* Begin PBXVariantGroup section */
		A272D9331E60B7E700A1F6D3 /* Main.storyboard */ = {
			isa = PBXVariantGroup;
			children = (
				A272D9341E60B7E700A1F6D3 /* Base */,
			);
			name = Main.storyboard;
			sourceTree = "<group>";
		};
		A272D9381E60B7E700A1F6D3 /* LaunchScreen.storyboard */ = {
			isa = PBXVariantGroup;
			children = (
				A272D9391E60B7E700A1F6D3 /* Base */,
			);
			name = LaunchScreen.storyboard;
			sourceTree = "<group>";
		};
/* End PBXVariantGroup section */

/* Begin XCBuildConfiguration section */
		A272D93C1E60B7E700A1F6D3 /* Debug */ = {
			isa = XCBuildConfiguration;
			buildSettings = {
				ALWAYS_SEARCH_USER_PATHS = NO;
				CLANG_ANALYZER_NONNULL = YES;
				CLANG_ANALYZER_NUMBER_OBJECT_CONVERSION = YES_AGGRESSIVE;
				CLANG_CXX_LANGUAGE_STANDARD = "gnu++0x";
				CLANG_CXX_LIBRARY = "libc++";
				CLANG_ENABLE_MODULES = YES;
				CLANG_ENABLE_OBJC_ARC = YES;
				CLANG_WARN_BOOL_CONVERSION = YES;
				CLANG_WARN_CONSTANT_CONVERSION = YES;
				CLANG_WARN_DIRECT_OBJC_ISA_USAGE = YES_ERROR;
				CLANG_WARN_DOCUMENTATION_COMMENTS = YES;
				CLANG_WARN_EMPTY_BODY = YES;
				CLANG_WARN_ENUM_CONVERSION = YES;
				CLANG_WARN_INFINITE_RECURSION = YES;
				CLANG_WARN_INT_CONVERSION = YES;
				CLANG_WARN_OBJC_ROOT_CLASS = YES_ERROR;
				CLANG_WARN_SUSPICIOUS_MOVE = YES;
				CLANG_WARN_UNREACHABLE_CODE = YES;
				CLANG_WARN__DUPLICATE_METHOD_MATCH = YES;
				"CODE_SIGN_IDENTITY[sdk=iphoneos*]" = "iPhone Developer";
				COPY_PHASE_STRIP = NO;
				DEBUG_INFORMATION_FORMAT = dwarf;
				ENABLE_STRICT_OBJC_MSGSEND = YES;
				ENABLE_TESTABILITY = YES;
				GCC_C_LANGUAGE_STANDARD = gnu99;
				GCC_DYNAMIC_NO_PIC = NO;
				GCC_NO_COMMON_BLOCKS = YES;
				GCC_OPTIMIZATION_LEVEL = 0;
				GCC_PREPROCESSOR_DEFINITIONS = (
					"DEBUG=1",
					"$(inherited)",
				);
				GCC_WARN_64_TO_32_BIT_CONVERSION = YES;
				GCC_WARN_ABOUT_RETURN_TYPE = YES_ERROR;
				GCC_WARN_UNDECLARED_SELECTOR = YES;
				GCC_WARN_UNINITIALIZED_AUTOS = YES_AGGRESSIVE;
				GCC_WARN_UNUSED_FUNCTION = YES;
				GCC_WARN_UNUSED_VARIABLE = YES;
				IPHONEOS_DEPLOYMENT_TARGET = 10.3;
				MTL_ENABLE_DEBUG_INFO = YES;
				ONLY_ACTIVE_ARCH = YES;
				SDKROOT = iphoneos;
				SWIFT_ACTIVE_COMPILATION_CONDITIONS = DEBUG;
				SWIFT_OPTIMIZATION_LEVEL = "-Onone";
			};
			name = Debug;
		};
		A272D93D1E60B7E700A1F6D3 /* Release */ = {
			isa = XCBuildConfiguration;
			buildSettings = {
				ALWAYS_SEARCH_USER_PATHS = NO;
				CLANG_ANALYZER_NONNULL = YES;
				CLANG_ANALYZER_NUMBER_OBJECT_CONVERSION = YES_AGGRESSIVE;
				CLANG_CXX_LANGUAGE_STANDARD = "gnu++0x";
				CLANG_CXX_LIBRARY = "libc++";
				CLANG_ENABLE_MODULES = YES;
				CLANG_ENABLE_OBJC_ARC = YES;
				CLANG_WARN_BOOL_CONVERSION = YES;
				CLANG_WARN_CONSTANT_CONVERSION = YES;
				CLANG_WARN_DIRECT_OBJC_ISA_USAGE = YES_ERROR;
				CLANG_WARN_DOCUMENTATION_COMMENTS = YES;
				CLANG_WARN_EMPTY_BODY = YES;
				CLANG_WARN_ENUM_CONVERSION = YES;
				CLANG_WARN_INFINITE_RECURSION = YES;
				CLANG_WARN_INT_CONVERSION = YES;
				CLANG_WARN_OBJC_ROOT_CLASS = YES_ERROR;
				CLANG_WARN_SUSPICIOUS_MOVE = YES;
				CLANG_WARN_UNREACHABLE_CODE = YES;
				CLANG_WARN__DUPLICATE_METHOD_MATCH = YES;
				"CODE_SIGN_IDENTITY[sdk=iphoneos*]" = "iPhone Developer";
				COPY_PHASE_STRIP = NO;
				DEBUG_INFORMATION_FORMAT = "dwarf-with-dsym";
				ENABLE_NS_ASSERTIONS = NO;
				ENABLE_STRICT_OBJC_MSGSEND = YES;
				GCC_C_LANGUAGE_STANDARD = gnu99;
				GCC_NO_COMMON_BLOCKS = YES;
				GCC_WARN_64_TO_32_BIT_CONVERSION = YES;
				GCC_WARN_ABOUT_RETURN_TYPE = YES_ERROR;
				GCC_WARN_UNDECLARED_SELECTOR = YES;
				GCC_WARN_UNINITIALIZED_AUTOS = YES_AGGRESSIVE;
				GCC_WARN_UNUSED_FUNCTION = YES;
				GCC_WARN_UNUSED_VARIABLE = YES;
				IPHONEOS_DEPLOYMENT_TARGET = 10.3;
				MTL_ENABLE_DEBUG_INFO = NO;
				SDKROOT = iphoneos;
				SWIFT_OPTIMIZATION_LEVEL = "-Owholemodule";
				VALIDATE_PRODUCT = YES;
			};
			name = Release;
		};
		A272D93F1E60B7E700A1F6D3 /* Debug */ = {
			isa = XCBuildConfiguration;
			buildSettings = {
				ASSETCATALOG_COMPILER_APPICON_NAME = AppIcon;
				INFOPLIST_FILE = Variables/Info.plist;
				LD_RUNPATH_SEARCH_PATHS = "$(inherited) @executable_path/Frameworks";
				PRODUCT_BUNDLE_IDENTIFIER = com.sira.Variables;
				PRODUCT_NAME = "$(TARGET_NAME)";
				SWIFT_VERSION = 3.0;
			};
			name = Debug;
		};
		A272D9401E60B7E700A1F6D3 /* Release */ = {
			isa = XCBuildConfiguration;
			buildSettings = {
				ASSETCATALOG_COMPILER_APPICON_NAME = AppIcon;
				INFOPLIST_FILE = Variables/Info.plist;
				LD_RUNPATH_SEARCH_PATHS = "$(inherited) @executable_path/Frameworks";
				PRODUCT_BUNDLE_IDENTIFIER = com.sira.Variables;
				PRODUCT_NAME = "$(TARGET_NAME)";
				SWIFT_VERSION = 3.0;
			};
			name = Release;
		};
/* End XCBuildConfiguration section */

/* Begin XCConfigurationList section */
		A272D9271E60B7E700A1F6D3 /* Build configuration list for PBXProject "Variables" */ = {
			isa = XCConfigurationList;
			buildConfigurations = (
				A272D93C1E60B7E700A1F6D3 /* Debug */,
				A272D93D1E60B7E700A1F6D3 /* Release */,
			);
			defaultConfigurationIsVisible = 0;
			defaultConfigurationName = Release;
		};
		A272D93E1E60B7E700A1F6D3 /* Build configuration list for PBXNativeTarget "Variables" */ = {
			isa = XCConfigurationList;
			buildConfigurations = (
				A272D93F1E60B7E700A1F6D3 /* Debug */,
				A272D9401E60B7E700A1F6D3 /* Release */,
			);
			defaultConfigurationIsVisible = 0;
		};
/* End XCConfigurationList section */
	};
	rootObject = A272D9241E60B7E700A1F6D3 /* Project object */;
}
